
Microsoft Visual Studio Solution File, Format Version 12.00
# Visual Studio Version 17
VisualStudioVersion = 17.7.34202.233
MinimumVisualStudioVersion = 10.0.40219.1
Project("{9A19103F-16F7-4668-BE54-9A1E7A4F7556}") = "DotnetPackaging", "src\DotnetPackaging\DotnetPackaging.csproj", "{BD2F6800-8509-480D-8F01-0E698375052B}"
EndProject
Project("{9A19103F-16F7-4668-BE54-9A1E7A4F7556}") = "DotnetPackaging.Deb", "src\DotnetPackaging.Deb\DotnetPackaging.Deb.csproj", "{6F7052C1-50DB-4826-9893-02656FBB7B69}"
EndProject
Project("{9A19103F-16F7-4668-BE54-9A1E7A4F7556}") = "DotnetPackaging.AppImage", "src\DotnetPackaging.AppImage\DotnetPackaging.AppImage.csproj", "{1CEF57FA-1EBA-48A6-8A1E-CD41DB04DD38}"
EndProject
Project("{FAE04EC0-301F-11D3-BF4B-00C04F79EFBC}") = "DotnetPackaging.Msix.Tests", "src\DotnetPackaging.Msix.Tests\DotnetPackaging.Msix.Tests.csproj", "{79928283-5F6E-49F4-ACC4-FE5994DA1116}"
EndProject
Project("{FAE04EC0-301F-11D3-BF4B-00C04F79EFBC}") = "DotnetPackaging.Msix", "src\DotnetPackaging.Msix\DotnetPackaging.Msix.csproj", "{EDCAB7CC-741C-4DB0-95B8-F9CB1D89B475}"
EndProject
Project("{2150E333-8FDC-42A3-9474-1A3956D46DE8}") = "Other files", "Other files", "{62D724AD-1161-4EE3-AC71-9FFA01690F75}"
	ProjectSection(SolutionItems) = preProject
		azure-pipelines.yml = azure-pipelines.yml
		src\Common.props = src\Common.props
		src\Directory.Build.props = src\Directory.Build.props
		Directory.Packages.props = Directory.Packages.props
	EndProjectSection
EndProject
Project("{FAE04EC0-301F-11D3-BF4B-00C04F79EFBC}") = "DotnetPackaging.AppImage.Tests", "test\DotnetPackaging.AppImage.Tests\DotnetPackaging.AppImage.Tests.csproj", "{DF914DC0-903B-4733-8F85-45F733F2DE5F}"
EndProject
Project("{2150E333-8FDC-42A3-9474-1A3956D46DE8}") = "Tests", "Tests", "{F33ABB7A-E6A3-4F45-BFB5-9A014B8C5F12}"
EndProject
Project("{FAE04EC0-301F-11D3-BF4B-00C04F79EFBC}") = "DotnetPackaging.Tool", "src\DotnetPackaging.Tool\DotnetPackaging.Tool.csproj", "{C11DE8FE-8C40-44AF-BD71-50F507291E42}"
EndProject
Project("{FAE04EC0-301F-11D3-BF4B-00C04F79EFBC}") = "DotnetPackaging.Rpm", "src\DotnetPackaging.Rpm\DotnetPackaging.Rpm.csproj", "{62BDA166-63D6-4B38-B146-A868A392C5FC}"
EndProject
Project("{9A19103F-16F7-4668-BE54-9A1E7A4F7556}") = "DotnetPackaging.Flatpak", "src\DotnetPackaging.Flatpak\DotnetPackaging.Flatpak.csproj", "{E9B5F8A1-6E4B-4C58-A5F5-8E2C7A17C2B3}"
EndProject
Project("{FAE04EC0-301F-11D3-BF4B-00C04F79EFBC}") = "DotnetPackaging.Dmg", "src\DotnetPackaging.Dmg\DotnetPackaging.Dmg.csproj", "{ECEE61A8-139B-4637-AAB4-B34182980779}"
EndProject
Project("{FAE04EC0-301F-11D3-BF4B-00C04F79EFBC}") = "DotnetPackaging.Exe.Installer", "src\DotnetPackaging.Exe.Installer\DotnetPackaging.Exe.Installer.csproj", "{538A5A7E-390A-93C3-9605-E6A477235F61}"
EndProject
Project("{FAE04EC0-301F-11D3-BF4B-00C04F79EFBC}") = "DotnetPackaging.Exe", "src\DotnetPackaging.Exe\DotnetPackaging.Exe.csproj", "{E0875AD7-1D78-4FC3-EE2D-24AC1E066BFA}"
EndProject
Project("{2150E333-8FDC-42A3-9474-1A3956D46DE8}") = "test", "test", "{0C88DD14-F956-CE84-757C-A364CCF449FC}"
EndProject
Project("{FAE04EC0-301F-11D3-BF4B-00C04F79EFBC}") = "DotnetPackaging.Flatpak.Tests", "test\DotnetPackaging.Flatpak.Tests\DotnetPackaging.Flatpak.Tests.csproj", "{F090C5BD-3B1C-4D32-93AD-5D90E4819A69}"
EndProject
Global
	GlobalSection(SolutionConfigurationPlatforms) = preSolution
		Debug|Any CPU = Debug|Any CPU
		Debug|x64 = Debug|x64
		Debug|x86 = Debug|x86
		Release|Any CPU = Release|Any CPU
		Release|x64 = Release|x64
		Release|x86 = Release|x86
	EndGlobalSection
	GlobalSection(ProjectConfigurationPlatforms) = postSolution
		{BD2F6800-8509-480D-8F01-0E698375052B}.Debug|Any CPU.ActiveCfg = Debug|Any CPU
		{BD2F6800-8509-480D-8F01-0E698375052B}.Debug|Any CPU.Build.0 = Debug|Any CPU
		{BD2F6800-8509-480D-8F01-0E698375052B}.Debug|x64.ActiveCfg = Debug|Any CPU
		{BD2F6800-8509-480D-8F01-0E698375052B}.Debug|x64.Build.0 = Debug|Any CPU
		{BD2F6800-8509-480D-8F01-0E698375052B}.Debug|x86.ActiveCfg = Debug|Any CPU
		{BD2F6800-8509-480D-8F01-0E698375052B}.Debug|x86.Build.0 = Debug|Any CPU
		{BD2F6800-8509-480D-8F01-0E698375052B}.Release|Any CPU.ActiveCfg = Release|Any CPU
		{BD2F6800-8509-480D-8F01-0E698375052B}.Release|Any CPU.Build.0 = Release|Any CPU
		{BD2F6800-8509-480D-8F01-0E698375052B}.Release|x64.ActiveCfg = Release|Any CPU
		{BD2F6800-8509-480D-8F01-0E698375052B}.Release|x64.Build.0 = Release|Any CPU
		{BD2F6800-8509-480D-8F01-0E698375052B}.Release|x86.ActiveCfg = Release|Any CPU
		{BD2F6800-8509-480D-8F01-0E698375052B}.Release|x86.Build.0 = Release|Any CPU
		{6F7052C1-50DB-4826-9893-02656FBB7B69}.Debug|Any CPU.ActiveCfg = Debug|Any CPU
		{6F7052C1-50DB-4826-9893-02656FBB7B69}.Debug|Any CPU.Build.0 = Debug|Any CPU
		{6F7052C1-50DB-4826-9893-02656FBB7B69}.Debug|x64.ActiveCfg = Debug|Any CPU
		{6F7052C1-50DB-4826-9893-02656FBB7B69}.Debug|x64.Build.0 = Debug|Any CPU
		{6F7052C1-50DB-4826-9893-02656FBB7B69}.Debug|x86.ActiveCfg = Debug|Any CPU
		{6F7052C1-50DB-4826-9893-02656FBB7B69}.Debug|x86.Build.0 = Debug|Any CPU
		{6F7052C1-50DB-4826-9893-02656FBB7B69}.Release|Any CPU.ActiveCfg = Release|Any CPU
		{6F7052C1-50DB-4826-9893-02656FBB7B69}.Release|Any CPU.Build.0 = Release|Any CPU
		{6F7052C1-50DB-4826-9893-02656FBB7B69}.Release|x64.ActiveCfg = Release|Any CPU
		{6F7052C1-50DB-4826-9893-02656FBB7B69}.Release|x64.Build.0 = Release|Any CPU
		{6F7052C1-50DB-4826-9893-02656FBB7B69}.Release|x86.ActiveCfg = Release|Any CPU
		{6F7052C1-50DB-4826-9893-02656FBB7B69}.Release|x86.Build.0 = Release|Any CPU
		{1CEF57FA-1EBA-48A6-8A1E-CD41DB04DD38}.Debug|Any CPU.ActiveCfg = Debug|Any CPU
		{1CEF57FA-1EBA-48A6-8A1E-CD41DB04DD38}.Debug|Any CPU.Build.0 = Debug|Any CPU
		{1CEF57FA-1EBA-48A6-8A1E-CD41DB04DD38}.Debug|x64.ActiveCfg = Debug|Any CPU
		{1CEF57FA-1EBA-48A6-8A1E-CD41DB04DD38}.Debug|x64.Build.0 = Debug|Any CPU
		{1CEF57FA-1EBA-48A6-8A1E-CD41DB04DD38}.Debug|x86.ActiveCfg = Debug|Any CPU
		{1CEF57FA-1EBA-48A6-8A1E-CD41DB04DD38}.Debug|x86.Build.0 = Debug|Any CPU
		{1CEF57FA-1EBA-48A6-8A1E-CD41DB04DD38}.Release|Any CPU.ActiveCfg = Release|Any CPU
		{1CEF57FA-1EBA-48A6-8A1E-CD41DB04DD38}.Release|Any CPU.Build.0 = Release|Any CPU
		{1CEF57FA-1EBA-48A6-8A1E-CD41DB04DD38}.Release|x64.ActiveCfg = Release|Any CPU
		{1CEF57FA-1EBA-48A6-8A1E-CD41DB04DD38}.Release|x64.Build.0 = Release|Any CPU
		{1CEF57FA-1EBA-48A6-8A1E-CD41DB04DD38}.Release|x86.ActiveCfg = Release|Any CPU
		{1CEF57FA-1EBA-48A6-8A1E-CD41DB04DD38}.Release|x86.Build.0 = Release|Any CPU
		{79928283-5F6E-49F4-ACC4-FE5994DA1116}.Debug|Any CPU.ActiveCfg = Debug|Any CPU
		{79928283-5F6E-49F4-ACC4-FE5994DA1116}.Debug|Any CPU.Build.0 = Debug|Any CPU
		{79928283-5F6E-49F4-ACC4-FE5994DA1116}.Debug|x64.ActiveCfg = Debug|Any CPU
		{79928283-5F6E-49F4-ACC4-FE5994DA1116}.Debug|x64.Build.0 = Debug|Any CPU
		{79928283-5F6E-49F4-ACC4-FE5994DA1116}.Debug|x86.ActiveCfg = Debug|Any CPU
		{79928283-5F6E-49F4-ACC4-FE5994DA1116}.Debug|x86.Build.0 = Debug|Any CPU
		{79928283-5F6E-49F4-ACC4-FE5994DA1116}.Release|Any CPU.ActiveCfg = Release|Any CPU
		{79928283-5F6E-49F4-ACC4-FE5994DA1116}.Release|Any CPU.Build.0 = Release|Any CPU
		{79928283-5F6E-49F4-ACC4-FE5994DA1116}.Release|x64.ActiveCfg = Release|Any CPU
		{79928283-5F6E-49F4-ACC4-FE5994DA1116}.Release|x64.Build.0 = Release|Any CPU
		{79928283-5F6E-49F4-ACC4-FE5994DA1116}.Release|x86.ActiveCfg = Release|Any CPU
		{79928283-5F6E-49F4-ACC4-FE5994DA1116}.Release|x86.Build.0 = Release|Any CPU
		{EDCAB7CC-741C-4DB0-95B8-F9CB1D89B475}.Debug|Any CPU.ActiveCfg = Debug|Any CPU
		{EDCAB7CC-741C-4DB0-95B8-F9CB1D89B475}.Debug|Any CPU.Build.0 = Debug|Any CPU
		{EDCAB7CC-741C-4DB0-95B8-F9CB1D89B475}.Debug|x64.ActiveCfg = Debug|Any CPU
		{EDCAB7CC-741C-4DB0-95B8-F9CB1D89B475}.Debug|x64.Build.0 = Debug|Any CPU
		{EDCAB7CC-741C-4DB0-95B8-F9CB1D89B475}.Debug|x86.ActiveCfg = Debug|Any CPU
		{EDCAB7CC-741C-4DB0-95B8-F9CB1D89B475}.Debug|x86.Build.0 = Debug|Any CPU
		{EDCAB7CC-741C-4DB0-95B8-F9CB1D89B475}.Release|Any CPU.ActiveCfg = Release|Any CPU
		{EDCAB7CC-741C-4DB0-95B8-F9CB1D89B475}.Release|Any CPU.Build.0 = Release|Any CPU
		{EDCAB7CC-741C-4DB0-95B8-F9CB1D89B475}.Release|x64.ActiveCfg = Release|Any CPU
		{EDCAB7CC-741C-4DB0-95B8-F9CB1D89B475}.Release|x64.Build.0 = Release|Any CPU
		{EDCAB7CC-741C-4DB0-95B8-F9CB1D89B475}.Release|x86.ActiveCfg = Release|Any CPU
		{EDCAB7CC-741C-4DB0-95B8-F9CB1D89B475}.Release|x86.Build.0 = Release|Any CPU
		{DF914DC0-903B-4733-8F85-45F733F2DE5F}.Debug|Any CPU.ActiveCfg = Debug|Any CPU
		{DF914DC0-903B-4733-8F85-45F733F2DE5F}.Debug|Any CPU.Build.0 = Debug|Any CPU
		{DF914DC0-903B-4733-8F85-45F733F2DE5F}.Debug|x64.ActiveCfg = Debug|Any CPU
		{DF914DC0-903B-4733-8F85-45F733F2DE5F}.Debug|x64.Build.0 = Debug|Any CPU
		{DF914DC0-903B-4733-8F85-45F733F2DE5F}.Debug|x86.ActiveCfg = Debug|Any CPU
		{DF914DC0-903B-4733-8F85-45F733F2DE5F}.Debug|x86.Build.0 = Debug|Any CPU
		{DF914DC0-903B-4733-8F85-45F733F2DE5F}.Release|Any CPU.ActiveCfg = Release|Any CPU
		{DF914DC0-903B-4733-8F85-45F733F2DE5F}.Release|Any CPU.Build.0 = Release|Any CPU
		{DF914DC0-903B-4733-8F85-45F733F2DE5F}.Release|x64.ActiveCfg = Release|Any CPU
		{DF914DC0-903B-4733-8F85-45F733F2DE5F}.Release|x64.Build.0 = Release|Any CPU
		{DF914DC0-903B-4733-8F85-45F733F2DE5F}.Release|x86.ActiveCfg = Release|Any CPU
		{DF914DC0-903B-4733-8F85-45F733F2DE5F}.Release|x86.Build.0 = Release|Any CPU
		{C11DE8FE-8C40-44AF-BD71-50F507291E42}.Debug|Any CPU.ActiveCfg = Debug|Any CPU
		{C11DE8FE-8C40-44AF-BD71-50F507291E42}.Debug|Any CPU.Build.0 = Debug|Any CPU
		{C11DE8FE-8C40-44AF-BD71-50F507291E42}.Debug|x64.ActiveCfg = Debug|Any CPU
		{C11DE8FE-8C40-44AF-BD71-50F507291E42}.Debug|x64.Build.0 = Debug|Any CPU
		{C11DE8FE-8C40-44AF-BD71-50F507291E42}.Debug|x86.ActiveCfg = Debug|Any CPU
		{C11DE8FE-8C40-44AF-BD71-50F507291E42}.Debug|x86.Build.0 = Debug|Any CPU
		{C11DE8FE-8C40-44AF-BD71-50F507291E42}.Release|Any CPU.ActiveCfg = Release|Any CPU
		{C11DE8FE-8C40-44AF-BD71-50F507291E42}.Release|Any CPU.Build.0 = Release|Any CPU
		{C11DE8FE-8C40-44AF-BD71-50F507291E42}.Release|x64.ActiveCfg = Release|Any CPU
		{C11DE8FE-8C40-44AF-BD71-50F507291E42}.Release|x64.Build.0 = Release|Any CPU
		{C11DE8FE-8C40-44AF-BD71-50F507291E42}.Release|x86.ActiveCfg = Release|Any CPU
		{C11DE8FE-8C40-44AF-BD71-50F507291E42}.Release|x86.Build.0 = Release|Any CPU
		{62BDA166-63D6-4B38-B146-A868A392C5FC}.Debug|Any CPU.ActiveCfg = Debug|Any CPU
		{62BDA166-63D6-4B38-B146-A868A392C5FC}.Debug|Any CPU.Build.0 = Debug|Any CPU
		{62BDA166-63D6-4B38-B146-A868A392C5FC}.Debug|x64.ActiveCfg = Debug|Any CPU
		{62BDA166-63D6-4B38-B146-A868A392C5FC}.Debug|x64.Build.0 = Debug|Any CPU
		{62BDA166-63D6-4B38-B146-A868A392C5FC}.Debug|x86.ActiveCfg = Debug|Any CPU
		{62BDA166-63D6-4B38-B146-A868A392C5FC}.Debug|x86.Build.0 = Debug|Any CPU
		{62BDA166-63D6-4B38-B146-A868A392C5FC}.Release|Any CPU.ActiveCfg = Release|Any CPU
		{62BDA166-63D6-4B38-B146-A868A392C5FC}.Release|Any CPU.Build.0 = Release|Any CPU
		{62BDA166-63D6-4B38-B146-A868A392C5FC}.Release|x64.ActiveCfg = Release|Any CPU
		{62BDA166-63D6-4B38-B146-A868A392C5FC}.Release|x64.Build.0 = Release|Any CPU
		{62BDA166-63D6-4B38-B146-A868A392C5FC}.Release|x86.ActiveCfg = Release|Any CPU
		{62BDA166-63D6-4B38-B146-A868A392C5FC}.Release|x86.Build.0 = Release|Any CPU
		{E9B5F8A1-6E4B-4C58-A5F5-8E2C7A17C2B3}.Debug|Any CPU.ActiveCfg = Debug|Any CPU
		{E9B5F8A1-6E4B-4C58-A5F5-8E2C7A17C2B3}.Debug|Any CPU.Build.0 = Debug|Any CPU
		{E9B5F8A1-6E4B-4C58-A5F5-8E2C7A17C2B3}.Debug|x64.ActiveCfg = Debug|Any CPU
		{E9B5F8A1-6E4B-4C58-A5F5-8E2C7A17C2B3}.Debug|x64.Build.0 = Debug|Any CPU
		{E9B5F8A1-6E4B-4C58-A5F5-8E2C7A17C2B3}.Debug|x86.ActiveCfg = Debug|Any CPU
		{E9B5F8A1-6E4B-4C58-A5F5-8E2C7A17C2B3}.Debug|x86.Build.0 = Debug|Any CPU
		{E9B5F8A1-6E4B-4C58-A5F5-8E2C7A17C2B3}.Release|Any CPU.ActiveCfg = Release|Any CPU
		{E9B5F8A1-6E4B-4C58-A5F5-8E2C7A17C2B3}.Release|Any CPU.Build.0 = Release|Any CPU
		{E9B5F8A1-6E4B-4C58-A5F5-8E2C7A17C2B3}.Release|x64.ActiveCfg = Release|Any CPU
		{E9B5F8A1-6E4B-4C58-A5F5-8E2C7A17C2B3}.Release|x64.Build.0 = Release|Any CPU
		{E9B5F8A1-6E4B-4C58-A5F5-8E2C7A17C2B3}.Release|x86.ActiveCfg = Release|Any CPU
		{E9B5F8A1-6E4B-4C58-A5F5-8E2C7A17C2B3}.Release|x86.Build.0 = Release|Any CPU
		{ECEE61A8-139B-4637-AAB4-B34182980779}.Debug|Any CPU.ActiveCfg = Debug|Any CPU
		{ECEE61A8-139B-4637-AAB4-B34182980779}.Debug|Any CPU.Build.0 = Debug|Any CPU
		{ECEE61A8-139B-4637-AAB4-B34182980779}.Debug|x64.ActiveCfg = Debug|Any CPU
		{ECEE61A8-139B-4637-AAB4-B34182980779}.Debug|x64.Build.0 = Debug|Any CPU
		{ECEE61A8-139B-4637-AAB4-B34182980779}.Debug|x86.ActiveCfg = Debug|Any CPU
		{ECEE61A8-139B-4637-AAB4-B34182980779}.Debug|x86.Build.0 = Debug|Any CPU
		{ECEE61A8-139B-4637-AAB4-B34182980779}.Release|Any CPU.ActiveCfg = Release|Any CPU
		{ECEE61A8-139B-4637-AAB4-B34182980779}.Release|Any CPU.Build.0 = Release|Any CPU
		{ECEE61A8-139B-4637-AAB4-B34182980779}.Release|x64.ActiveCfg = Release|Any CPU
		{ECEE61A8-139B-4637-AAB4-B34182980779}.Release|x64.Build.0 = Release|Any CPU
		{ECEE61A8-139B-4637-AAB4-B34182980779}.Release|x86.ActiveCfg = Release|Any CPU
		{ECEE61A8-139B-4637-AAB4-B34182980779}.Release|x86.Build.0 = Release|Any CPU
		{538A5A7E-390A-93C3-9605-E6A477235F61}.Debug|Any CPU.ActiveCfg = Debug|Any CPU
		{538A5A7E-390A-93C3-9605-E6A477235F61}.Debug|Any CPU.Build.0 = Debug|Any CPU
		{538A5A7E-390A-93C3-9605-E6A477235F61}.Debug|x64.ActiveCfg = Debug|Any CPU
		{538A5A7E-390A-93C3-9605-E6A477235F61}.Debug|x64.Build.0 = Debug|Any CPU
		{538A5A7E-390A-93C3-9605-E6A477235F61}.Debug|x86.ActiveCfg = Debug|Any CPU
		{538A5A7E-390A-93C3-9605-E6A477235F61}.Debug|x86.Build.0 = Debug|Any CPU
		{538A5A7E-390A-93C3-9605-E6A477235F61}.Release|Any CPU.ActiveCfg = Release|Any CPU
		{538A5A7E-390A-93C3-9605-E6A477235F61}.Release|Any CPU.Build.0 = Release|Any CPU
		{538A5A7E-390A-93C3-9605-E6A477235F61}.Release|x64.ActiveCfg = Release|Any CPU
		{538A5A7E-390A-93C3-9605-E6A477235F61}.Release|x64.Build.0 = Release|Any CPU
		{538A5A7E-390A-93C3-9605-E6A477235F61}.Release|x86.ActiveCfg = Release|Any CPU
		{538A5A7E-390A-93C3-9605-E6A477235F61}.Release|x86.Build.0 = Release|Any CPU
		{E0875AD7-1D78-4FC3-EE2D-24AC1E066BFA}.Debug|Any CPU.ActiveCfg = Debug|Any CPU
		{E0875AD7-1D78-4FC3-EE2D-24AC1E066BFA}.Debug|Any CPU.Build.0 = Debug|Any CPU
		{E0875AD7-1D78-4FC3-EE2D-24AC1E066BFA}.Debug|x64.ActiveCfg = Debug|Any CPU
		{E0875AD7-1D78-4FC3-EE2D-24AC1E066BFA}.Debug|x64.Build.0 = Debug|Any CPU
		{E0875AD7-1D78-4FC3-EE2D-24AC1E066BFA}.Debug|x86.ActiveCfg = Debug|Any CPU
		{E0875AD7-1D78-4FC3-EE2D-24AC1E066BFA}.Debug|x86.Build.0 = Debug|Any CPU
		{E0875AD7-1D78-4FC3-EE2D-24AC1E066BFA}.Release|Any CPU.ActiveCfg = Release|Any CPU
		{E0875AD7-1D78-4FC3-EE2D-24AC1E066BFA}.Release|Any CPU.Build.0 = Release|Any CPU
		{E0875AD7-1D78-4FC3-EE2D-24AC1E066BFA}.Release|x64.ActiveCfg = Release|Any CPU
		{E0875AD7-1D78-4FC3-EE2D-24AC1E066BFA}.Release|x64.Build.0 = Release|Any CPU
		{E0875AD7-1D78-4FC3-EE2D-24AC1E066BFA}.Release|x86.ActiveCfg = Release|Any CPU
		{E0875AD7-1D78-4FC3-EE2D-24AC1E066BFA}.Release|x86.Build.0 = Release|Any CPU
		{F090C5BD-3B1C-4D32-93AD-5D90E4819A69}.Debug|Any CPU.ActiveCfg = Debug|Any CPU
		{F090C5BD-3B1C-4D32-93AD-5D90E4819A69}.Debug|Any CPU.Build.0 = Debug|Any CPU
		{F090C5BD-3B1C-4D32-93AD-5D90E4819A69}.Debug|x64.ActiveCfg = Debug|Any CPU
		{F090C5BD-3B1C-4D32-93AD-5D90E4819A69}.Debug|x64.Build.0 = Debug|Any CPU
		{F090C5BD-3B1C-4D32-93AD-5D90E4819A69}.Debug|x86.ActiveCfg = Debug|Any CPU
		{F090C5BD-3B1C-4D32-93AD-5D90E4819A69}.Debug|x86.Build.0 = Debug|Any CPU
		{F090C5BD-3B1C-4D32-93AD-5D90E4819A69}.Release|Any CPU.ActiveCfg = Release|Any CPU
		{F090C5BD-3B1C-4D32-93AD-5D90E4819A69}.Release|Any CPU.Build.0 = Release|Any CPU
		{F090C5BD-3B1C-4D32-93AD-5D90E4819A69}.Release|x64.ActiveCfg = Release|Any CPU
		{F090C5BD-3B1C-4D32-93AD-5D90E4819A69}.Release|x64.Build.0 = Release|Any CPU
		{F090C5BD-3B1C-4D32-93AD-5D90E4819A69}.Release|x86.ActiveCfg = Release|Any CPU
		{F090C5BD-3B1C-4D32-93AD-5D90E4819A69}.Release|x86.Build.0 = Release|Any CPU
	EndGlobalSection
	GlobalSection(SolutionProperties) = preSolution
		HideSolutionNode = FALSE
	EndGlobalSection
	GlobalSection(NestedProjects) = preSolution
		{79928283-5F6E-49F4-ACC4-FE5994DA1116} = {F33ABB7A-E6A3-4F45-BFB5-9A014B8C5F12}
		{DF914DC0-903B-4733-8F85-45F733F2DE5F} = {F33ABB7A-E6A3-4F45-BFB5-9A014B8C5F12}
		{F090C5BD-3B1C-4D32-93AD-5D90E4819A69} = {F33ABB7A-E6A3-4F45-BFB5-9A014B8C5F12}
	EndGlobalSection
	GlobalSection(ExtensibilityGlobals) = postSolution
		SolutionGuid = {1D869DF1-9147-472D-A3D9-D519518A6951}
	EndGlobalSection
EndGlobal
