
Microsoft Visual Studio Solution File, Format Version 12.00
# Visual Studio Version 17
VisualStudioVersion = 17.7.34202.233
MinimumVisualStudioVersion = 10.0.40219.1
Project("{9A19103F-16F7-4668-BE54-9A1E7A4F7556}") = "DotnetPackaging", "src\DotnetPackaging\DotnetPackaging.csproj", "{BD2F6800-8509-480D-8F01-0E698375052B}"
EndProject
Project("{9A19103F-16F7-4668-BE54-9A1E7A4F7556}") = "DotnetPackaging.Deb", "src\DotnetPackaging.Deb\DotnetPackaging.Deb.csproj", "{6F7052C1-50DB-4826-9893-02656FBB7B69}"
EndProject
Project("{9A19103F-16F7-4668-BE54-9A1E7A4F7556}") = "DotnetPackaging.AppImage", "src\DotnetPackaging.AppImage\DotnetPackaging.AppImage.csproj", "{1CEF57FA-1EBA-48A6-8A1E-CD41DB04DD38}"
EndProject
Project("{FAE04EC0-301F-11D3-BF4B-00C04F79EFBC}") = "DotnetPackaging.Msix.Tests", "src\DotnetPackaging.Msix.Tests\DotnetPackaging.Msix.Tests.csproj", "{79928283-5F6E-49F4-ACC4-FE5994DA1116}"
EndProject
Project("{FAE04EC0-301F-11D3-BF4B-00C04F79EFBC}") = "DotnetPackaging.Msix", "src\DotnetPackaging.Msix\DotnetPackaging.Msix.csproj", "{EDCAB7CC-741C-4DB0-95B8-F9CB1D89B475}"
EndProject
Project("{2150E333-8FDC-42A3-9474-1A3956D46DE8}") = "Other files", "Other files", "{62D724AD-1161-4EE3-AC71-9FFA01690F75}"
	ProjectSection(SolutionItems) = preProject
		src\Directory.Build.props = src\Directory.Build.props
		src\Common.props = src\Common.props
		Directory.Packages.props = Directory.Packages.props
		azure-pipelines.yml = azure-pipelines.yml
	EndProjectSection
EndProject
Project("{FAE04EC0-301F-11D3-BF4B-00C04F79EFBC}") = "DotnetPackaging.AppImage.Tests", "test\DotnetPackaging.AppImage.Tests\DotnetPackaging.AppImage.Tests.csproj", "{DF914DC0-903B-4733-8F85-45F733F2DE5F}"
EndProject
Project("{2150E333-8FDC-42A3-9474-1A3956D46DE8}") = "Tests", "Tests", "{F33ABB7A-E6A3-4F45-BFB5-9A014B8C5F12}"
EndProject
Project("{2150E333-8FDC-42A3-9474-1A3956D46DE8}") = "Libs", "Libs", "{11CA6C64-B615-4D72-9D46-2439E7B86B87}"
EndProject
Project("{FAE04EC0-301F-11D3-BF4B-00C04F79EFBC}") = "Zafiro", "libs\Zafiro\src\Zafiro\Zafiro.csproj", "{AEE05DDF-D369-40EE-BC78-0612C2EDDDAC}"
EndProject
Project("{FAE04EC0-301F-11D3-BF4B-00C04F79EFBC}") = "Zafiro.DivineBytes", "libs\Zafiro\src\Zafiro.DivineBytes\Zafiro.DivineBytes.csproj", "{7E065679-6F0F-4E28-9407-38864E1981EE}"
EndProject
Project("{FAE04EC0-301F-11D3-BF4B-00C04F79EFBC}") = "Zafiro.FileSystem", "libs\Zafiro\src\Zafiro.FileSystem\Zafiro.FileSystem.csproj", "{30AB08D3-0C98-48A5-A08D-AF386E9D5E11}"
EndProject
Project("{FAE04EC0-301F-11D3-BF4B-00C04F79EFBC}") = "Zafiro.FileSystem.Unix", "libs\Zafiro\src\Zafiro.FileSystem.Unix\Zafiro.FileSystem.Unix.csproj", "{02A8013F-A8B5-45D3-A32E-7A0456CFAE31}"
EndProject
Global
	GlobalSection(SolutionConfigurationPlatforms) = preSolution
		Debug|Any CPU = Debug|Any CPU
		Debug|x64 = Debug|x64
		Debug|x86 = Debug|x86
		Release|Any CPU = Release|Any CPU
		Release|x64 = Release|x64
		Release|x86 = Release|x86
	EndGlobalSection
	GlobalSection(ProjectConfigurationPlatforms) = postSolution
		{BD2F6800-8509-480D-8F01-0E698375052B}.Debug|Any CPU.ActiveCfg = Debug|Any CPU
		{BD2F6800-8509-480D-8F01-0E698375052B}.Debug|Any CPU.Build.0 = Debug|Any CPU
		{BD2F6800-8509-480D-8F01-0E698375052B}.Debug|x64.ActiveCfg = Debug|Any CPU
		{BD2F6800-8509-480D-8F01-0E698375052B}.Debug|x64.Build.0 = Debug|Any CPU
		{BD2F6800-8509-480D-8F01-0E698375052B}.Debug|x86.ActiveCfg = Debug|Any CPU
		{BD2F6800-8509-480D-8F01-0E698375052B}.Debug|x86.Build.0 = Debug|Any CPU
		{BD2F6800-8509-480D-8F01-0E698375052B}.Release|Any CPU.ActiveCfg = Release|Any CPU
		{BD2F6800-8509-480D-8F01-0E698375052B}.Release|Any CPU.Build.0 = Release|Any CPU
		{BD2F6800-8509-480D-8F01-0E698375052B}.Release|x64.ActiveCfg = Release|Any CPU
		{BD2F6800-8509-480D-8F01-0E698375052B}.Release|x64.Build.0 = Release|Any CPU
		{BD2F6800-8509-480D-8F01-0E698375052B}.Release|x86.ActiveCfg = Release|Any CPU
		{BD2F6800-8509-480D-8F01-0E698375052B}.Release|x86.Build.0 = Release|Any CPU
		{6F7052C1-50DB-4826-9893-02656FBB7B69}.Debug|Any CPU.ActiveCfg = Debug|Any CPU
		{6F7052C1-50DB-4826-9893-02656FBB7B69}.Debug|Any CPU.Build.0 = Debug|Any CPU
		{6F7052C1-50DB-4826-9893-02656FBB7B69}.Debug|x64.ActiveCfg = Debug|Any CPU
		{6F7052C1-50DB-4826-9893-02656FBB7B69}.Debug|x64.Build.0 = Debug|Any CPU
		{6F7052C1-50DB-4826-9893-02656FBB7B69}.Debug|x86.ActiveCfg = Debug|Any CPU
		{6F7052C1-50DB-4826-9893-02656FBB7B69}.Debug|x86.Build.0 = Debug|Any CPU
		{6F7052C1-50DB-4826-9893-02656FBB7B69}.Release|Any CPU.ActiveCfg = Release|Any CPU
		{6F7052C1-50DB-4826-9893-02656FBB7B69}.Release|Any CPU.Build.0 = Release|Any CPU
		{6F7052C1-50DB-4826-9893-02656FBB7B69}.Release|x64.ActiveCfg = Release|Any CPU
		{6F7052C1-50DB-4826-9893-02656FBB7B69}.Release|x64.Build.0 = Release|Any CPU
		{6F7052C1-50DB-4826-9893-02656FBB7B69}.Release|x86.ActiveCfg = Release|Any CPU
		{6F7052C1-50DB-4826-9893-02656FBB7B69}.Release|x86.Build.0 = Release|Any CPU
		{1CEF57FA-1EBA-48A6-8A1E-CD41DB04DD38}.Debug|Any CPU.ActiveCfg = Debug|Any CPU
		{1CEF57FA-1EBA-48A6-8A1E-CD41DB04DD38}.Debug|Any CPU.Build.0 = Debug|Any CPU
		{1CEF57FA-1EBA-48A6-8A1E-CD41DB04DD38}.Debug|x64.ActiveCfg = Debug|Any CPU
		{1CEF57FA-1EBA-48A6-8A1E-CD41DB04DD38}.Debug|x64.Build.0 = Debug|Any CPU
		{1CEF57FA-1EBA-48A6-8A1E-CD41DB04DD38}.Debug|x86.ActiveCfg = Debug|Any CPU
		{1CEF57FA-1EBA-48A6-8A1E-CD41DB04DD38}.Debug|x86.Build.0 = Debug|Any CPU
		{1CEF57FA-1EBA-48A6-8A1E-CD41DB04DD38}.Release|Any CPU.ActiveCfg = Release|Any CPU
		{1CEF57FA-1EBA-48A6-8A1E-CD41DB04DD38}.Release|Any CPU.Build.0 = Release|Any CPU
		{1CEF57FA-1EBA-48A6-8A1E-CD41DB04DD38}.Release|x64.ActiveCfg = Release|Any CPU
		{1CEF57FA-1EBA-48A6-8A1E-CD41DB04DD38}.Release|x64.Build.0 = Release|Any CPU
		{1CEF57FA-1EBA-48A6-8A1E-CD41DB04DD38}.Release|x86.ActiveCfg = Release|Any CPU
		{1CEF57FA-1EBA-48A6-8A1E-CD41DB04DD38}.Release|x86.Build.0 = Release|Any CPU
		{79928283-5F6E-49F4-ACC4-FE5994DA1116}.Debug|Any CPU.ActiveCfg = Debug|Any CPU
		{79928283-5F6E-49F4-ACC4-FE5994DA1116}.Debug|Any CPU.Build.0 = Debug|Any CPU
		{79928283-5F6E-49F4-ACC4-FE5994DA1116}.Debug|x64.ActiveCfg = Debug|Any CPU
		{79928283-5F6E-49F4-ACC4-FE5994DA1116}.Debug|x64.Build.0 = Debug|Any CPU
		{79928283-5F6E-49F4-ACC4-FE5994DA1116}.Debug|x86.ActiveCfg = Debug|Any CPU
		{79928283-5F6E-49F4-ACC4-FE5994DA1116}.Debug|x86.Build.0 = Debug|Any CPU
		{79928283-5F6E-49F4-ACC4-FE5994DA1116}.Release|Any CPU.ActiveCfg = Release|Any CPU
		{79928283-5F6E-49F4-ACC4-FE5994DA1116}.Release|Any CPU.Build.0 = Release|Any CPU
		{79928283-5F6E-49F4-ACC4-FE5994DA1116}.Release|x64.ActiveCfg = Release|Any CPU
		{79928283-5F6E-49F4-ACC4-FE5994DA1116}.Release|x64.Build.0 = Release|Any CPU
		{79928283-5F6E-49F4-ACC4-FE5994DA1116}.Release|x86.ActiveCfg = Release|Any CPU
		{79928283-5F6E-49F4-ACC4-FE5994DA1116}.Release|x86.Build.0 = Release|Any CPU
		{EDCAB7CC-741C-4DB0-95B8-F9CB1D89B475}.Debug|Any CPU.ActiveCfg = Debug|Any CPU
		{EDCAB7CC-741C-4DB0-95B8-F9CB1D89B475}.Debug|Any CPU.Build.0 = Debug|Any CPU
		{EDCAB7CC-741C-4DB0-95B8-F9CB1D89B475}.Debug|x64.ActiveCfg = Debug|Any CPU
		{EDCAB7CC-741C-4DB0-95B8-F9CB1D89B475}.Debug|x64.Build.0 = Debug|Any CPU
		{EDCAB7CC-741C-4DB0-95B8-F9CB1D89B475}.Debug|x86.ActiveCfg = Debug|Any CPU
		{EDCAB7CC-741C-4DB0-95B8-F9CB1D89B475}.Debug|x86.Build.0 = Debug|Any CPU
		{EDCAB7CC-741C-4DB0-95B8-F9CB1D89B475}.Release|Any CPU.ActiveCfg = Release|Any CPU
		{EDCAB7CC-741C-4DB0-95B8-F9CB1D89B475}.Release|Any CPU.Build.0 = Release|Any CPU
		{EDCAB7CC-741C-4DB0-95B8-F9CB1D89B475}.Release|x64.ActiveCfg = Release|Any CPU
		{EDCAB7CC-741C-4DB0-95B8-F9CB1D89B475}.Release|x64.Build.0 = Release|Any CPU
		{EDCAB7CC-741C-4DB0-95B8-F9CB1D89B475}.Release|x86.ActiveCfg = Release|Any CPU
		{EDCAB7CC-741C-4DB0-95B8-F9CB1D89B475}.Release|x86.Build.0 = Release|Any CPU
		{DF914DC0-903B-4733-8F85-45F733F2DE5F}.Debug|Any CPU.ActiveCfg = Debug|Any CPU
		{DF914DC0-903B-4733-8F85-45F733F2DE5F}.Debug|Any CPU.Build.0 = Debug|Any CPU
		{DF914DC0-903B-4733-8F85-45F733F2DE5F}.Debug|x64.ActiveCfg = Debug|Any CPU
		{DF914DC0-903B-4733-8F85-45F733F2DE5F}.Debug|x64.Build.0 = Debug|Any CPU
		{DF914DC0-903B-4733-8F85-45F733F2DE5F}.Debug|x86.ActiveCfg = Debug|Any CPU
		{DF914DC0-903B-4733-8F85-45F733F2DE5F}.Debug|x86.Build.0 = Debug|Any CPU
		{DF914DC0-903B-4733-8F85-45F733F2DE5F}.Release|Any CPU.ActiveCfg = Release|Any CPU
		{DF914DC0-903B-4733-8F85-45F733F2DE5F}.Release|Any CPU.Build.0 = Release|Any CPU
		{DF914DC0-903B-4733-8F85-45F733F2DE5F}.Release|x64.ActiveCfg = Release|Any CPU
		{DF914DC0-903B-4733-8F85-45F733F2DE5F}.Release|x64.Build.0 = Release|Any CPU
		{DF914DC0-903B-4733-8F85-45F733F2DE5F}.Release|x86.ActiveCfg = Release|Any CPU
		{DF914DC0-903B-4733-8F85-45F733F2DE5F}.Release|x86.Build.0 = Release|Any CPU
		{AEE05DDF-D369-40EE-BC78-0612C2EDDDAC}.Debug|Any CPU.ActiveCfg = Debug|Any CPU
		{AEE05DDF-D369-40EE-BC78-0612C2EDDDAC}.Debug|Any CPU.Build.0 = Debug|Any CPU
		{AEE05DDF-D369-40EE-BC78-0612C2EDDDAC}.Debug|x64.ActiveCfg = Debug|Any CPU
		{AEE05DDF-D369-40EE-BC78-0612C2EDDDAC}.Debug|x64.Build.0 = Debug|Any CPU
		{AEE05DDF-D369-40EE-BC78-0612C2EDDDAC}.Debug|x86.ActiveCfg = Debug|Any CPU
		{AEE05DDF-D369-40EE-BC78-0612C2EDDDAC}.Debug|x86.Build.0 = Debug|Any CPU
		{AEE05DDF-D369-40EE-BC78-0612C2EDDDAC}.Release|Any CPU.ActiveCfg = Release|Any CPU
		{AEE05DDF-D369-40EE-BC78-0612C2EDDDAC}.Release|Any CPU.Build.0 = Release|Any CPU
		{AEE05DDF-D369-40EE-BC78-0612C2EDDDAC}.Release|x64.ActiveCfg = Release|Any CPU
		{AEE05DDF-D369-40EE-BC78-0612C2EDDDAC}.Release|x64.Build.0 = Release|Any CPU
		{AEE05DDF-D369-40EE-BC78-0612C2EDDDAC}.Release|x86.ActiveCfg = Release|Any CPU
		{AEE05DDF-D369-40EE-BC78-0612C2EDDDAC}.Release|x86.Build.0 = Release|Any CPU
		{7E065679-6F0F-4E28-9407-38864E1981EE}.Debug|Any CPU.ActiveCfg = Debug|Any CPU
		{7E065679-6F0F-4E28-9407-38864E1981EE}.Debug|Any CPU.Build.0 = Debug|Any CPU
		{7E065679-6F0F-4E28-9407-38864E1981EE}.Debug|x64.ActiveCfg = Debug|Any CPU
		{7E065679-6F0F-4E28-9407-38864E1981EE}.Debug|x64.Build.0 = Debug|Any CPU
		{7E065679-6F0F-4E28-9407-38864E1981EE}.Debug|x86.ActiveCfg = Debug|Any CPU
		{7E065679-6F0F-4E28-9407-38864E1981EE}.Debug|x86.Build.0 = Debug|Any CPU
		{7E065679-6F0F-4E28-9407-38864E1981EE}.Release|Any CPU.ActiveCfg = Release|Any CPU
		{7E065679-6F0F-4E28-9407-38864E1981EE}.Release|Any CPU.Build.0 = Release|Any CPU
		{7E065679-6F0F-4E28-9407-38864E1981EE}.Release|x64.ActiveCfg = Release|Any CPU
		{7E065679-6F0F-4E28-9407-38864E1981EE}.Release|x64.Build.0 = Release|Any CPU
		{7E065679-6F0F-4E28-9407-38864E1981EE}.Release|x86.ActiveCfg = Release|Any CPU
		{7E065679-6F0F-4E28-9407-38864E1981EE}.Release|x86.Build.0 = Release|Any CPU
		{30AB08D3-0C98-48A5-A08D-AF386E9D5E11}.Debug|Any CPU.ActiveCfg = Debug|Any CPU
		{30AB08D3-0C98-48A5-A08D-AF386E9D5E11}.Debug|Any CPU.Build.0 = Debug|Any CPU
		{30AB08D3-0C98-48A5-A08D-AF386E9D5E11}.Debug|x64.ActiveCfg = Debug|Any CPU
		{30AB08D3-0C98-48A5-A08D-AF386E9D5E11}.Debug|x64.Build.0 = Debug|Any CPU
		{30AB08D3-0C98-48A5-A08D-AF386E9D5E11}.Debug|x86.ActiveCfg = Debug|Any CPU
		{30AB08D3-0C98-48A5-A08D-AF386E9D5E11}.Debug|x86.Build.0 = Debug|Any CPU
		{30AB08D3-0C98-48A5-A08D-AF386E9D5E11}.Release|Any CPU.ActiveCfg = Release|Any CPU
		{30AB08D3-0C98-48A5-A08D-AF386E9D5E11}.Release|Any CPU.Build.0 = Release|Any CPU
		{30AB08D3-0C98-48A5-A08D-AF386E9D5E11}.Release|x64.ActiveCfg = Release|Any CPU
		{30AB08D3-0C98-48A5-A08D-AF386E9D5E11}.Release|x64.Build.0 = Release|Any CPU
		{30AB08D3-0C98-48A5-A08D-AF386E9D5E11}.Release|x86.ActiveCfg = Release|Any CPU
		{30AB08D3-0C98-48A5-A08D-AF386E9D5E11}.Release|x86.Build.0 = Release|Any CPU
		{02A8013F-A8B5-45D3-A32E-7A0456CFAE31}.Debug|Any CPU.ActiveCfg = Debug|Any CPU
		{02A8013F-A8B5-45D3-A32E-7A0456CFAE31}.Debug|Any CPU.Build.0 = Debug|Any CPU
		{02A8013F-A8B5-45D3-A32E-7A0456CFAE31}.Debug|x64.ActiveCfg = Debug|Any CPU
		{02A8013F-A8B5-45D3-A32E-7A0456CFAE31}.Debug|x64.Build.0 = Debug|Any CPU
		{02A8013F-A8B5-45D3-A32E-7A0456CFAE31}.Debug|x86.ActiveCfg = Debug|Any CPU
		{02A8013F-A8B5-45D3-A32E-7A0456CFAE31}.Debug|x86.Build.0 = Debug|Any CPU
		{02A8013F-A8B5-45D3-A32E-7A0456CFAE31}.Release|Any CPU.ActiveCfg = Release|Any CPU
		{02A8013F-A8B5-45D3-A32E-7A0456CFAE31}.Release|Any CPU.Build.0 = Release|Any CPU
		{02A8013F-A8B5-45D3-A32E-7A0456CFAE31}.Release|x64.ActiveCfg = Release|Any CPU
		{02A8013F-A8B5-45D3-A32E-7A0456CFAE31}.Release|x64.Build.0 = Release|Any CPU
		{02A8013F-A8B5-45D3-A32E-7A0456CFAE31}.Release|x86.ActiveCfg = Release|Any CPU
		{02A8013F-A8B5-45D3-A32E-7A0456CFAE31}.Release|x86.Build.0 = Release|Any CPU
	EndGlobalSection
	GlobalSection(SolutionProperties) = preSolution
		HideSolutionNode = FALSE
	EndGlobalSection
	GlobalSection(NestedProjects) = preSolution
		{79928283-5F6E-49F4-ACC4-FE5994DA1116} = {F33ABB7A-E6A3-4F45-BFB5-9A014B8C5F12}
		{DF914DC0-903B-4733-8F85-45F733F2DE5F} = {F33ABB7A-E6A3-4F45-BFB5-9A014B8C5F12}
		{AEE05DDF-D369-40EE-BC78-0612C2EDDDAC} = {11CA6C64-B615-4D72-9D46-2439E7B86B87}
		{7E065679-6F0F-4E28-9407-38864E1981EE} = {11CA6C64-B615-4D72-9D46-2439E7B86B87}
		{30AB08D3-0C98-48A5-A08D-AF386E9D5E11} = {11CA6C64-B615-4D72-9D46-2439E7B86B87}
		{02A8013F-A8B5-45D3-A32E-7A0456CFAE31} = {11CA6C64-B615-4D72-9D46-2439E7B86B87}
	EndGlobalSection
	GlobalSection(ExtensibilityGlobals) = postSolution
		SolutionGuid = {1D869DF1-9147-472D-A3D9-D519518A6951}
	EndGlobalSection
EndGlobal
