
Microsoft Visual Studio Solution File, Format Version 12.00
# Visual Studio Version 17
VisualStudioVersion = 17.13.35828.75
MinimumVisualStudioVersion = 10.0.40219.1
Project("{FAE04EC0-301F-11D3-BF4B-00C04F79EFBC}") = "BlockCompressorTests", "BlockCompressorTests\BlockCompressorTests.csproj", "{1A2F411E-F4EB-45A4-830C-89139D78A492}"
EndProject
Project("{FAE04EC0-301F-11D3-BF4B-00C04F79EFBC}") = "BlockCompressor", "BlockCompressor\BlockCompressor.csproj", "{E91B6ACF-6824-4F23-B042-06A5664C3437}"
EndProject
Global
	GlobalSection(SolutionConfigurationPlatforms) = preSolution
		Debug|Any CPU = Debug|Any CPU
		Release|Any CPU = Release|Any CPU
	EndGlobalSection
	GlobalSection(ProjectConfigurationPlatforms) = postSolution
		{1A2F411E-F4EB-45A4-830C-89139D78A492}.Debug|Any CPU.ActiveCfg = Debug|Any CPU
		{1A2F411E-F4EB-45A4-830C-89139D78A492}.Debug|Any CPU.Build.0 = Debug|Any CPU
		{1A2F411E-F4EB-45A4-830C-89139D78A492}.Release|Any CPU.ActiveCfg = Release|Any CPU
		{1A2F411E-F4EB-45A4-830C-89139D78A492}.Release|Any CPU.Build.0 = Release|Any CPU
		{E91B6ACF-6824-4F23-B042-06A5664C3437}.Debug|Any CPU.ActiveCfg = Debug|Any CPU
		{E91B6ACF-6824-4F23-B042-06A5664C3437}.Debug|Any CPU.Build.0 = Debug|Any CPU
		{E91B6ACF-6824-4F23-B042-06A5664C3437}.Release|Any CPU.ActiveCfg = Release|Any CPU
		{E91B6ACF-6824-4F23-B042-06A5664C3437}.Release|Any CPU.Build.0 = Release|Any CPU
	EndGlobalSection
	GlobalSection(SolutionProperties) = preSolution
		HideSolutionNode = FALSE
	EndGlobalSection
	GlobalSection(ExtensibilityGlobals) = postSolution
		SolutionGuid = {401A9A06-D93A-4230-87A2-FE65E74F5FA6}
	EndGlobalSection
EndGlobal
